<?xml version="1.0" encoding="utf-8"?>
<Project ToolsVersion="4.0" xmlns="http://schemas.microsoft.com/developer/msbuild/2003">
  <ItemGroup>
    <Filter Include="Source Files">
      <UniqueIdentifier>{f7e9ec1f-a597-49e7-a3cb-ebdef71cc0da}</UniqueIdentifier>
    </Filter>
    <Filter Include="Header Files">
      <UniqueIdentifier>{47841e44-c249-479a-9cd9-167192803ee6}</UniqueIdentifier>
    </Filter>
  </ItemGroup>
  <ItemGroup>
    <ClCompile Include="..\..\ahost.c">
      <Filter>Source Files</Filter>
    </ClCompile>
    <ClCompile Include="..\..\ares_getopt.c">
      <Filter>Source Files</Filter>
    </ClCompile>
    <ClCompile Include="..\..\ares_nowarn.c">
      <Filter>Source Files</Filter>
    </ClCompile>
    <ClCompile Include="..\..\ares_strcasecmp.c">
      <Filter>Source Files</Filter>
    </ClCompile>
    <ClCompile Include="..\..\inet_net_pton.c">
      <Filter>Source Files</Filter>
    </ClCompile>
    <ClCompile Include="..\..\inet_ntop.c">
      <Filter>Source Files</Filter>
    </ClCompile>
  </ItemGroup>
  <ItemGroup>
    <ClInclude Include="..\..\ares_getopt.h">
      <Filter>Header Files</Filter>
    </ClInclude>
    <ClInclude Include="..\..\ares_nowarn.h">
      <Filter>Header Files</Filter>
    </ClInclude>
    <ClInclude Include="..\..\ares_strcasecmp.h">
      <Filter>Header Files</Filter>
    </ClInclude>
    <ClInclude Include="..\..\inet_net_pton.h">
      <Filter>Header Files</Filter>
    </ClInclude>
    <ClInclude Include="..\..\inet_ntop.h">
      <Filter>Header Files</Filter>
    </ClInclude>
  </ItemGroup>
</Project>